{
  "name": "schema",
  "version": "1.0.0",
  "lockfileVersion": 1,
  "requires": true,
  "dependencies": {
    "definy-core": {
      "version": "0.2.3",
      "resolved": "https://registry.npmjs.org/definy-core/-/definy-core-0.2.3.tgz",
      "integrity": "sha512-1avu4SfUDVaa0jIE7mpxP9P0JyENz7YtjzcjLtWfYqyI3u/2vWgMJ2v0SPp+azepFdBu3h4/v/uU4fldvEbBtA==",
      "requires": {
        "js-ts-code-generator": "0.3.2"
      }
    },
    "js-ts-code-generator": {
      "version": "0.3.2",
      "resolved": "https://registry.npmjs.org/js-ts-code-generator/-/js-ts-code-generator-0.3.2.tgz",
      "integrity": "sha512-XYv/w3qDCR70mpfSh9smM6wngxLLO2mOoUbYhSdMxG+zXxVEFAG0yaKtetMaVdUd9RTR2RePoABcZPoZRfFemw=="
    }
  }
}
